
Microsoft Visual Studio Solution File, Format Version 12.00
# Visual Studio Version 17
VisualStudioVersion = 17.4.33213.308
MinimumVisualStudioVersion = 10.0.40219.1
Project("{F184B08F-C81C-45F6-A57F-5ABD9991F28F}") = "ChatGPT - by eddit", "ChatGPT - by eddit\ChatGPT - by eddit.vbproj", "{A0891E2E-0B75-4882-9B76-3B9279E58EDE}"
EndProject
Global
	GlobalSection(SolutionConfigurationPlatforms) = preSolution
		Debug|Any CPU = Debug|Any CPU
		Release|Any CPU = Release|Any CPU
	EndGlobalSection
	GlobalSection(ProjectConfigurationPlatforms) = postSolution
		{A0891E2E-0B75-4882-9B76-3B9279E58EDE}.Debug|Any CPU.ActiveCfg = Debug|Any CPU
		{A0891E2E-0B75-4882-9B76-3B9279E58EDE}.Debug|Any CPU.Build.0 = Debug|Any CPU
		{A0891E2E-0B75-4882-9B76-3B9279E58EDE}.Release|Any CPU.ActiveCfg = Release|Any CPU
		{A0891E2E-0B75-4882-9B76-3B9279E58EDE}.Release|Any CPU.Build.0 = Release|Any CPU
	EndGlobalSection
	GlobalSection(SolutionProperties) = preSolution
		HideSolutionNode = FALSE
	EndGlobalSection
	GlobalSection(ExtensibilityGlobals) = postSolution
		SolutionGuid = {1AD8F677-8B4B-4408-9BDD-61FB5390BB0E}
	EndGlobalSection
EndGlobal
